
Microsoft Visual Studio Solution File, Format Version 12.00
# Visual Studio Version 16
VisualStudioVersion = 16.0.28803.452
MinimumVisualStudioVersion = 10.0.40219.1
Project("{6EC3EE1D-3C4E-46DD-8F32-0CC8E7565705}") = "Soevnn", "Soevnn\Soevnn.fsproj", "{1EEA813C-8C44-4501-BEDC-BD5A0529801B}"
EndProject
Project("{6EC3EE1D-3C4E-46DD-8F32-0CC8E7565705}") = "SoevnnNUnitTest", "SoevnnNUnitTest\SoevnnNUnitTest.fsproj", "{82EAD603-F8C2-40A1-9C0A-CF8A95AC2DA5}"
EndProject
Project("{6EC3EE1D-3C4E-46DD-8F32-0CC8E7565705}") = "SoevnnConsoleTests", "SoevnnConsoleTests\SoevnnConsoleTests.fsproj", "{2B811529-1FB4-44EE-BA46-BCEE22496C3E}"
EndProject
Project("{2150E333-8FDC-42A3-9474-1A3956D46DE8}") = "Solution Items", "Solution Items", "{3172BE23-FCC6-47F9-A648-1F15E7F8410C}"
	ProjectSection(SolutionItems) = preProject
		Soevnn.sln.vsspell = Soevnn.sln.vsspell
	EndProjectSection
EndProject
Global
	GlobalSection(SolutionConfigurationPlatforms) = preSolution
		Debug|Any CPU = Debug|Any CPU
		Release|Any CPU = Release|Any CPU
	EndGlobalSection
	GlobalSection(ProjectConfigurationPlatforms) = postSolution
		{1EEA813C-8C44-4501-BEDC-BD5A0529801B}.Debug|Any CPU.ActiveCfg = Debug|Any CPU
		{1EEA813C-8C44-4501-BEDC-BD5A0529801B}.Debug|Any CPU.Build.0 = Debug|Any CPU
		{1EEA813C-8C44-4501-BEDC-BD5A0529801B}.Release|Any CPU.ActiveCfg = Release|Any CPU
		{1EEA813C-8C44-4501-BEDC-BD5A0529801B}.Release|Any CPU.Build.0 = Release|Any CPU
		{82EAD603-F8C2-40A1-9C0A-CF8A95AC2DA5}.Debug|Any CPU.ActiveCfg = Debug|Any CPU
		{82EAD603-F8C2-40A1-9C0A-CF8A95AC2DA5}.Debug|Any CPU.Build.0 = Debug|Any CPU
		{82EAD603-F8C2-40A1-9C0A-CF8A95AC2DA5}.Release|Any CPU.ActiveCfg = Release|Any CPU
		{82EAD603-F8C2-40A1-9C0A-CF8A95AC2DA5}.Release|Any CPU.Build.0 = Release|Any CPU
		{2B811529-1FB4-44EE-BA46-BCEE22496C3E}.Debug|Any CPU.ActiveCfg = Debug|Any CPU
		{2B811529-1FB4-44EE-BA46-BCEE22496C3E}.Debug|Any CPU.Build.0 = Debug|Any CPU
		{2B811529-1FB4-44EE-BA46-BCEE22496C3E}.Release|Any CPU.ActiveCfg = Release|Any CPU
		{2B811529-1FB4-44EE-BA46-BCEE22496C3E}.Release|Any CPU.Build.0 = Release|Any CPU
	EndGlobalSection
	GlobalSection(SolutionProperties) = preSolution
		HideSolutionNode = FALSE
	EndGlobalSection
	GlobalSection(ExtensibilityGlobals) = postSolution
		SolutionGuid = {97AB4D69-3661-421E-81A1-D3D5B6CB0E87}
	EndGlobalSection
EndGlobal
